
Microsoft Visual Studio Solution File, Format Version 12.00
# Visual Studio Version 16
VisualStudioVersion = 16.0.31829.152
MinimumVisualStudioVersion = 10.0.40219.1
Project("{FAE04EC0-301F-11D3-BF4B-00C04F79EFBC}") = "TestingGitInVisual", "TestingGitInVisual\TestingGitInVisual.csproj", "{6751B62D-6188-4BB2-BA01-F3D005BE18D4}"
EndProject
Global
	GlobalSection(SolutionConfigurationPlatforms) = preSolution
		Debug|Any CPU = Debug|Any CPU
		Release|Any CPU = Release|Any CPU
	EndGlobalSection
	GlobalSection(ProjectConfigurationPlatforms) = postSolution
		{6751B62D-6188-4BB2-BA01-F3D005BE18D4}.Debug|Any CPU.ActiveCfg = Debug|Any CPU
		{6751B62D-6188-4BB2-BA01-F3D005BE18D4}.Debug|Any CPU.Build.0 = Debug|Any CPU
		{6751B62D-6188-4BB2-BA01-F3D005BE18D4}.Release|Any CPU.ActiveCfg = Release|Any CPU
		{6751B62D-6188-4BB2-BA01-F3D005BE18D4}.Release|Any CPU.Build.0 = Release|Any CPU
	EndGlobalSection
	GlobalSection(SolutionProperties) = preSolution
		HideSolutionNode = FALSE
	EndGlobalSection
	GlobalSection(ExtensibilityGlobals) = postSolution
		SolutionGuid = {FCF4D673-CE6B-4875-BEA7-917973AD7A6A}
	EndGlobalSection
EndGlobal
